// !$*UTF8*$!
{
	archiveVersion = 1;
	classes = {
	};
	objectVersion = 55;
	objects = {

/* Begin PBXBuildFile section */
		91FE0DA127828A93004E4D09 /* UnzipProjectApp.swift in Sources */ = {isa = PBXBuildFile; fileRef = 91FE0DA027828A93004E4D09 /* UnzipProjectApp.swift */; };
		91FE0DA327828A93004E4D09 /* ContentView.swift in Sources */ = {isa = PBXBuildFile; fileRef = 91FE0DA227828A93004E4D09 /* ContentView.swift */; };
		91FE0DA527828A94004E4D09 /* Assets.xcassets in Resources */ = {isa = PBXBuildFile; fileRef = 91FE0DA427828A94004E4D09 /* Assets.xcassets */; };
		91FE0DA827828A94004E4D09 /* Preview Assets.xcassets in Resources */ = {isa = PBXBuildFile; fileRef = 91FE0DA727828A94004E4D09 /* Preview Assets.xcassets */; };
		91FE0DB327828A94004E4D09 /* UnzipProjectTests.swift in Sources */ = {isa = PBXBuildFile; fileRef = 91FE0DB227828A94004E4D09 /* UnzipProjectTests.swift */; };
		91FE0DBD27828A94004E4D09 /* UnzipProjectUITests.swift in Sources */ = {isa = PBXBuildFile; fileRef = 91FE0DBC27828A94004E4D09 /* UnzipProjectUITests.swift */; };
		91FE0DBF27828A94004E4D09 /* UnzipProjectUITestsLaunchTests.swift in Sources */ = {isa = PBXBuildFile; fileRef = 91FE0DBE27828A94004E4D09 /* UnzipProjectUITestsLaunchTests.swift */; };
/* End PBXBuildFile section */

/* Begin PBXContainerItemProxy section */
		91FE0DAF27828A94004E4D09 /* PBXContainerItemProxy */ = {
			isa = PBXContainerItemProxy;
			containerPortal = 91FE0D9527828A93004E4D09 /* Project object */;
			proxyType = 1;
			remoteGlobalIDString = 91FE0D9C27828A93004E4D09;
			remoteInfo = UnzipProject;
		};
		91FE0DB927828A94004E4D09 /* PBXContainerItemProxy */ = {
			isa = PBXContainerItemProxy;
			containerPortal = 91FE0D9527828A93004E4D09 /* Project object */;
			proxyType = 1;
			remoteGlobalIDString = 91FE0D9C27828A93004E4D09;
			remoteInfo = UnzipProject;
		};
/* End PBXContainerItemProxy section */

/* Begin PBXFileReference section */
		91FE0D9D27828A93004E4D09 /* UnzipProject.app */ = {isa = PBXFileReference; explicitFileType = wrapper.application; includeInIndex = 0; path = UnzipProject.app; sourceTree = BUILT_PRODUCTS_DIR; };
		91FE0DA027828A93004E4D09 /* UnzipProjectApp.swift */ = {isa = PBXFileReference; lastKnownFileType = sourcecode.swift; path = UnzipProjectApp.swift; sourceTree = "<group>"; };
		91FE0DA227828A93004E4D09 /* ContentView.swift */ = {isa = PBXFileReference; lastKnownFileType = sourcecode.swift; path = ContentView.swift; sourceTree = "<group>"; };
		91FE0DA427828A94004E4D09 /* Assets.xcassets */ = {isa = PBXFileReference; lastKnownFileType = folder.assetcatalog; path = Assets.xcassets; sourceTree = "<group>"; };
		91FE0DA727828A94004E4D09 /* Preview Assets.xcassets */ = {isa = PBXFileReference; lastKnownFileType = folder.assetcatalog; path = "Preview Assets.xcassets"; sourceTree = "<group>"; };
		91FE0DA927828A94004E4D09 /* UnzipProject.entitlements */ = {isa = PBXFileReference; lastKnownFileType = text.plist.entitlements; path = UnzipProject.entitlements; sourceTree = "<group>"; };
		91FE0DAE27828A94004E4D09 /* UnzipProjectTests.xctest */ = {isa = PBXFileReference; explicitFileType = wrapper.cfbundle; includeInIndex = 0; path = UnzipProjectTests.xctest; sourceTree = BUILT_PRODUCTS_DIR; };
		91FE0DB227828A94004E4D09 /* UnzipProjectTests.swift */ = {isa = PBXFileReference; lastKnownFileType = sourcecode.swift; path = UnzipProjectTests.swift; sourceTree = "<group>"; };
		91FE0DB827828A94004E4D09 /* UnzipProjectUITests.xctest */ = {isa = PBXFileReference; explicitFileType = wrapper.cfbundle; includeInIndex = 0; path = UnzipProjectUITests.xctest; sourceTree = BUILT_PRODUCTS_DIR; };
		91FE0DBC27828A94004E4D09 /* UnzipProjectUITests.swift */ = {isa = PBXFileReference; lastKnownFileType = sourcecode.swift; path = UnzipProjectUITests.swift; sourceTree = "<group>"; };
		91FE0DBE27828A94004E4D09 /* UnzipProjectUITestsLaunchTests.swift */ = {isa = PBXFileReference; lastKnownFileType = sourcecode.swift; path = UnzipProjectUITestsLaunchTests.swift; sourceTree = "<group>"; };
/* End PBXFileReference section */

/* Begin PBXFrameworksBuildPhase section */
		91FE0D9A27828A93004E4D09 /* Frameworks */ = {
			isa = PBXFrameworksBuildPhase;
			buildActionMask = 2147483647;
			files = (
			);
			runOnlyForDeploymentPostprocessing = 0;
		};
		91FE0DAB27828A94004E4D09 /* Frameworks */ = {
			isa = PBXFrameworksBuildPhase;
			buildActionMask = 2147483647;
			files = (
			);
			runOnlyForDeploymentPostprocessing = 0;
		};
		91FE0DB527828A94004E4D09 /* Frameworks */ = {
			isa = PBXFrameworksBuildPhase;
			buildActionMask = 2147483647;
			files = (
			);
			runOnlyForDeploymentPostprocessing = 0;
		};
/* End PBXFrameworksBuildPhase section */

/* Begin PBXGroup section */
		91FE0D9427828A93004E4D09 = {
			isa = PBXGroup;
			children = (
				91FE0D9F27828A93004E4D09 /* UnzipProject */,
				91FE0DB127828A94004E4D09 /* UnzipProjectTests */,
				91FE0DBB27828A94004E4D09 /* UnzipProjectUITests */,
				91FE0D9E27828A93004E4D09 /* Products */,
			);
			sourceTree = "<group>";
		};
		91FE0D9E27828A93004E4D09 /* Products */ = {
			isa = PBXGroup;
			children = (
				91FE0D9D27828A93004E4D09 /* UnzipProject.app */,
				91FE0DAE27828A94004E4D09 /* UnzipProjectTests.xctest */,
				91FE0DB827828A94004E4D09 /* UnzipProjectUITests.xctest */,
			);
			name = Products;
			sourceTree = "<group>";
		};
		91FE0D9F27828A93004E4D09 /* UnzipProject */ = {
			isa = PBXGroup;
			children = (
				91FE0DA027828A93004E4D09 /* UnzipProjectApp.swift */,
				91FE0DA227828A93004E4D09 /* ContentView.swift */,
				91FE0DA427828A94004E4D09 /* Assets.xcassets */,
				91FE0DA927828A94004E4D09 /* UnzipProject.entitlements */,
				91FE0DA627828A94004E4D09 /* Preview Content */,
			);
			path = UnzipProject;
			sourceTree = "<group>";
		};
		91FE0DA627828A94004E4D09 /* Preview Content */ = {
			isa = PBXGroup;
			children = (
				91FE0DA727828A94004E4D09 /* Preview Assets.xcassets */,
			);
			path = "Preview Content";
			sourceTree = "<group>";
		};
		91FE0DB127828A94004E4D09 /* UnzipProjectTests */ = {
			isa = PBXGroup;
			children = (
				91FE0DB227828A94004E4D09 /* UnzipProjectTests.swift */,
			);
			path = UnzipProjectTests;
			sourceTree = "<group>";
		};
		91FE0DBB27828A94004E4D09 /* UnzipProjectUITests */ = {
			isa = PBXGroup;
			children = (
				91FE0DBC27828A94004E4D09 /* UnzipProjectUITests.swift */,
				91FE0DBE27828A94004E4D09 /* UnzipProjectUITestsLaunchTests.swift */,
			);
			path = UnzipProjectUITests;
			sourceTree = "<group>";
		};
/* End PBXGroup section */

/* Begin PBXNativeTarget section */
		91FE0D9C27828A93004E4D09 /* UnzipProject */ = {
			isa = PBXNativeTarget;
			buildConfigurationList = 91FE0DC227828A94004E4D09 /* Build configuration list for PBXNativeTarget "UnzipProject" */;
			buildPhases = (
				91FE0D9927828A93004E4D09 /* Sources */,
				91FE0D9A27828A93004E4D09 /* Frameworks */,
				91FE0D9B27828A93004E4D09 /* Resources */,
			);
			buildRules = (
			);
			dependencies = (
			);
			name = UnzipProject;
			productName = UnzipProject;
			productReference = 91FE0D9D27828A93004E4D09 /* UnzipProject.app */;
			productType = "com.apple.product-type.application";
		};
		91FE0DAD27828A94004E4D09 /* UnzipProjectTests */ = {
			isa = PBXNativeTarget;
			buildConfigurationList = 91FE0DC527828A94004E4D09 /* Build configuration list for PBXNativeTarget "UnzipProjectTests" */;
			buildPhases = (
				91FE0DAA27828A94004E4D09 /* Sources */,
				91FE0DAB27828A94004E4D09 /* Frameworks */,
				91FE0DAC27828A94004E4D09 /* Resources */,
			);
			buildRules = (
			);
			dependencies = (
				91FE0DB027828A94004E4D09 /* PBXTargetDependency */,
			);
			name = UnzipProjectTests;
			productName = UnzipProjectTests;
			productReference = 91FE0DAE27828A94004E4D09 /* UnzipProjectTests.xctest */;
			productType = "com.apple.product-type.bundle.unit-test";
		};
		91FE0DB727828A94004E4D09 /* UnzipProjectUITests */ = {
			isa = PBXNativeTarget;
			buildConfigurationList = 91FE0DC827828A94004E4D09 /* Build configuration list for PBXNativeTarget "UnzipProjectUITests" */;
			buildPhases = (
				91FE0DB427828A94004E4D09 /* Sources */,
				91FE0DB527828A94004E4D09 /* Frameworks */,
				91FE0DB627828A94004E4D09 /* Resources */,
			);
			buildRules = (
			);
			dependencies = (
				91FE0DBA27828A94004E4D09 /* PBXTargetDependency */,
			);
			name = UnzipProjectUITests;
			productName = UnzipProjectUITests;
			productReference = 91FE0DB827828A94004E4D09 /* UnzipProjectUITests.xctest */;
			productType = "com.apple.product-type.bundle.ui-testing";
		};
/* End PBXNativeTarget section */

/* Begin PBXProject section */
		91FE0D9527828A93004E4D09 /* Project object */ = {
			isa = PBXProject;
			attributes = {
				BuildIndependentTargetsInParallel = 1;
				LastSwiftUpdateCheck = 1320;
				LastUpgradeCheck = 1320;
				TargetAttributes = {
					91FE0D9C27828A93004E4D09 = {
						CreatedOnToolsVersion = 13.2.1;
					};
					91FE0DAD27828A94004E4D09 = {
						CreatedOnToolsVersion = 13.2.1;
						TestTargetID = 91FE0D9C27828A93004E4D09;
					};
					91FE0DB727828A94004E4D09 = {
						CreatedOnToolsVersion = 13.2.1;
						TestTargetID = 91FE0D9C27828A93004E4D09;
					};
				};
			};
			buildConfigurationList = 91FE0D9827828A93004E4D09 /* Build configuration list for PBXProject "UnzipProject" */;
			compatibilityVersion = "Xcode 13.0";
			developmentRegion = en;
			hasScannedForEncodings = 0;
			knownRegions = (
				en,
				Base,
			);
			mainGroup = 91FE0D9427828A93004E4D09;
			productRefGroup = 91FE0D9E27828A93004E4D09 /* Products */;
			projectDirPath = "";
			projectRoot = "";
			targets = (
				91FE0D9C27828A93004E4D09 /* UnzipProject */,
				91FE0DAD27828A94004E4D09 /* UnzipProjectTests */,
				91FE0DB727828A94004E4D09 /* UnzipProjectUITests */,
			);
		};
/* End PBXProject section */

/* Begin PBXResourcesBuildPhase section */
		91FE0D9B27828A93004E4D09 /* Resources */ = {
			isa = PBXResourcesBuildPhase;
			buildActionMask = 2147483647;
			files = (
				91FE0DA827828A94004E4D09 /* Preview Assets.xcassets in Resources */,
				91FE0DA527828A94004E4D09 /* Assets.xcassets in Resources */,
			);
			runOnlyForDeploymentPostprocessing = 0;
		};
		91FE0DAC27828A94004E4D09 /* Resources */ = {
			isa = PBXResourcesBuildPhase;
			buildActionMask = 2147483647;
			files = (
			);
			runOnlyForDeploymentPostprocessing = 0;
		};
		91FE0DB627828A94004E4D09 /* Resources */ = {
			isa = PBXResourcesBuildPhase;
			buildActionMask = 2147483647;
			files = (
			);
			runOnlyForDeploymentPostprocessing = 0;
		};
/* End PBXResourcesBuildPhase section */

/* Begin PBXSourcesBuildPhase section */
		91FE0D9927828A93004E4D09 /* Sources */ = {
			isa = PBXSourcesBuildPhase;
			buildActionMask = 2147483647;
			files = (
				91FE0DA327828A93004E4D09 /* ContentView.swift in Sources */,
				91FE0DA127828A93004E4D09 /* UnzipProjectApp.swift in Sources */,
			);
			runOnlyForDeploymentPostprocessing = 0;
		};
		91FE0DAA27828A94004E4D09 /* Sources */ = {
			isa = PBXSourcesBuildPhase;
			buildActionMask = 2147483647;
			files = (
				91FE0DB327828A94004E4D09 /* UnzipProjectTests.swift in Sources */,
			);
			runOnlyForDeploymentPostprocessing = 0;
		};
		91FE0DB427828A94004E4D09 /* Sources */ = {
			isa = PBXSourcesBuildPhase;
			buildActionMask = 2147483647;
			files = (
				91FE0DBD27828A94004E4D09 /* UnzipProjectUITests.swift in Sources */,
				91FE0DBF27828A94004E4D09 /* UnzipProjectUITestsLaunchTests.swift in Sources */,
			);
			runOnlyForDeploymentPostprocessing = 0;
		};
/* End PBXSourcesBuildPhase section */

/* Begin PBXTargetDependency section */
		91FE0DB027828A94004E4D09 /* PBXTargetDependency */ = {
			isa = PBXTargetDependency;
			target = 91FE0D9C27828A93004E4D09 /* UnzipProject */;
			targetProxy = 91FE0DAF27828A94004E4D09 /* PBXContainerItemProxy */;
		};
		91FE0DBA27828A94004E4D09 /* PBXTargetDependency */ = {
			isa = PBXTargetDependency;
			target = 91FE0D9C27828A93004E4D09 /* UnzipProject */;
			targetProxy = 91FE0DB927828A94004E4D09 /* PBXContainerItemProxy */;
		};
/* End PBXTargetDependency section */

/* Begin XCBuildConfiguration section */
		91FE0DC027828A94004E4D09 /* Debug */ = {
			isa = XCBuildConfiguration;
			buildSettings = {
				ALWAYS_SEARCH_USER_PATHS = NO;
				CLANG_ANALYZER_NONNULL = YES;
				CLANG_ANALYZER_NUMBER_OBJECT_CONVERSION = YES_AGGRESSIVE;
				CLANG_CXX_LANGUAGE_STANDARD = "gnu++17";
				CLANG_CXX_LIBRARY = "libc++";
				CLANG_ENABLE_MODULES = YES;
				CLANG_ENABLE_OBJC_ARC = YES;
				CLANG_ENABLE_OBJC_WEAK = YES;
				CLANG_WARN_BLOCK_CAPTURE_AUTORELEASING = YES;
				CLANG_WARN_BOOL_CONVERSION = YES;
				CLANG_WARN_COMMA = YES;
				CLANG_WARN_CONSTANT_CONVERSION = YES;
				CLANG_WARN_DEPRECATED_OBJC_IMPLEMENTATIONS = YES;
				CLANG_WARN_DIRECT_OBJC_ISA_USAGE = YES_ERROR;
				CLANG_WARN_DOCUMENTATION_COMMENTS = YES;
				CLANG_WARN_EMPTY_BODY = YES;
				CLANG_WARN_ENUM_CONVERSION = YES;
				CLANG_WARN_INFINITE_RECURSION = YES;
				CLANG_WARN_INT_CONVERSION = YES;
				CLANG_WARN_NON_LITERAL_NULL_CONVERSION = YES;
				CLANG_WARN_OBJC_IMPLICIT_RETAIN_SELF = YES;
				CLANG_WARN_OBJC_LITERAL_CONVERSION = YES;
				CLANG_WARN_OBJC_ROOT_CLASS = YES_ERROR;
				CLANG_WARN_QUOTED_INCLUDE_IN_FRAMEWORK_HEADER = YES;
				CLANG_WARN_RANGE_LOOP_ANALYSIS = YES;
				CLANG_WARN_STRICT_PROTOTYPES = YES;
				CLANG_WARN_SUSPICIOUS_MOVE = YES;
				CLANG_WARN_UNGUARDED_AVAILABILITY = YES_AGGRESSIVE;
				CLANG_WARN_UNREACHABLE_CODE = YES;
				CLANG_WARN__DUPLICATE_METHOD_MATCH = YES;
				COPY_PHASE_STRIP = NO;
				DEBUG_INFORMATION_FORMAT = dwarf;
				ENABLE_STRICT_OBJC_MSGSEND = YES;
				ENABLE_TESTABILITY = YES;
				GCC_C_LANGUAGE_STANDARD = gnu11;
				GCC_DYNAMIC_NO_PIC = NO;
				GCC_NO_COMMON_BLOCKS = YES;
				GCC_OPTIMIZATION_LEVEL = 0;
				GCC_PREPROCESSOR_DEFINITIONS = (
					"DEBUG=1",
					"$(inherited)",
				);
				GCC_WARN_64_TO_32_BIT_CONVERSION = YES;
				GCC_WARN_ABOUT_RETURN_TYPE = YES_ERROR;
				GCC_WARN_UNDECLARED_SELECTOR = YES;
				GCC_WARN_UNINITIALIZED_AUTOS = YES_AGGRESSIVE;
				GCC_WARN_UNUSED_FUNCTION = YES;
				GCC_WARN_UNUSED_VARIABLE = YES;
				MACOSX_DEPLOYMENT_TARGET = 12.1;
				MTL_ENABLE_DEBUG_INFO = INCLUDE_SOURCE;
				MTL_FAST_MATH = YES;
				ONLY_ACTIVE_ARCH = YES;
				SDKROOT = macosx;
				SWIFT_ACTIVE_COMPILATION_CONDITIONS = DEBUG;
				SWIFT_OPTIMIZATION_LEVEL = "-Onone";
			};
			name = Debug;
		};
		91FE0DC127828A94004E4D09 /* Release */ = {
			isa = XCBuildConfiguration;
			buildSettings = {
				ALWAYS_SEARCH_USER_PATHS = NO;
				CLANG_ANALYZER_NONNULL = YES;
				CLANG_ANALYZER_NUMBER_OBJECT_CONVERSION = YES_AGGRESSIVE;
				CLANG_CXX_LANGUAGE_STANDARD = "gnu++17";
				CLANG_CXX_LIBRARY = "libc++";
				CLANG_ENABLE_MODULES = YES;
				CLANG_ENABLE_OBJC_ARC = YES;
				CLANG_ENABLE_OBJC_WEAK = YES;
				CLANG_WARN_BLOCK_CAPTURE_AUTORELEASING = YES;
				CLANG_WARN_BOOL_CONVERSION = YES;
				CLANG_WARN_COMMA = YES;
				CLANG_WARN_CONSTANT_CONVERSION = YES;
				CLANG_WARN_DEPRECATED_OBJC_IMPLEMENTATIONS = YES;
				CLANG_WARN_DIRECT_OBJC_ISA_USAGE = YES_ERROR;
				CLANG_WARN_DOCUMENTATION_COMMENTS = YES;
				CLANG_WARN_EMPTY_BODY = YES;
				CLANG_WARN_ENUM_CONVERSION = YES;
				CLANG_WARN_INFINITE_RECURSION = YES;
				CLANG_WARN_INT_CONVERSION = YES;
				CLANG_WARN_NON_LITERAL_NULL_CONVERSION = YES;
				CLANG_WARN_OBJC_IMPLICIT_RETAIN_SELF = YES;
				CLANG_WARN_OBJC_LITERAL_CONVERSION = YES;
				CLANG_WARN_OBJC_ROOT_CLASS = YES_ERROR;
				CLANG_WARN_QUOTED_INCLUDE_IN_FRAMEWORK_HEADER = YES;
				CLANG_WARN_RANGE_LOOP_ANALYSIS = YES;
				CLANG_WARN_STRICT_PROTOTYPES = YES;
				CLANG_WARN_SUSPICIOUS_MOVE = YES;
				CLANG_WARN_UNGUARDED_AVAILABILITY = YES_AGGRESSIVE;
				CLANG_WARN_UNREACHABLE_CODE = YES;
				CLANG_WARN__DUPLICATE_METHOD_MATCH = YES;
				COPY_PHASE_STRIP = NO;
				DEBUG_INFORMATION_FORMAT = "dwarf-with-dsym";
				ENABLE_NS_ASSERTIONS = NO;
				ENABLE_STRICT_OBJC_MSGSEND = YES;
				GCC_C_LANGUAGE_STANDARD = gnu11;
				GCC_NO_COMMON_BLOCKS = YES;
				GCC_WARN_64_TO_32_BIT_CONVERSION = YES;
				GCC_WARN_ABOUT_RETURN_TYPE = YES_ERROR;
				GCC_WARN_UNDECLARED_SELECTOR = YES;
				GCC_WARN_UNINITIALIZED_AUTOS = YES_AGGRESSIVE;
				GCC_WARN_UNUSED_FUNCTION = YES;
				GCC_WARN_UNUSED_VARIABLE = YES;
				MACOSX_DEPLOYMENT_TARGET = 12.1;
				MTL_ENABLE_DEBUG_INFO = NO;
				MTL_FAST_MATH = YES;
				SDKROOT = macosx;
				SWIFT_COMPILATION_MODE = wholemodule;
				SWIFT_OPTIMIZATION_LEVEL = "-O";
			};
			name = Release;
		};
		91FE0DC327828A94004E4D09 /* Debug */ = {
			isa = XCBuildConfiguration;
			buildSettings = {
				ASSETCATALOG_COMPILER_APPICON_NAME = AppIcon;
				ASSETCATALOG_COMPILER_GLOBAL_ACCENT_COLOR_NAME = AccentColor;
				CODE_SIGN_ENTITLEMENTS = UnzipProject/UnzipProject.entitlements;
				CODE_SIGN_STYLE = Automatic;
				COMBINE_HIDPI_IMAGES = YES;
				CURRENT_PROJECT_VERSION = 1;
				DEVELOPMENT_ASSET_PATHS = "\"UnzipProject/Preview Content\"";
				DEVELOPMENT_TEAM = T9C59C8C3J;
				ENABLE_HARDENED_RUNTIME = YES;
				ENABLE_PREVIEWS = YES;
				GENERATE_INFOPLIST_FILE = YES;
				INFOPLIST_KEY_NSHumanReadableCopyright = "";
				LD_RUNPATH_SEARCH_PATHS = (
					"$(inherited)",
					"@executable_path/../Frameworks",
				);
				MARKETING_VERSION = 1.0;
				PRODUCT_BUNDLE_IDENTIFIER = com.br.UnzipProject;
				PRODUCT_NAME = "$(TARGET_NAME)";
				SWIFT_EMIT_LOC_STRINGS = YES;
				SWIFT_VERSION = 5.0;
			};
			name = Debug;
		};
		91FE0DC427828A94004E4D09 /* Release */ = {
			isa = XCBuildConfiguration;
			buildSettings = {
				ASSETCATALOG_COMPILER_APPICON_NAME = AppIcon;
				ASSETCATALOG_COMPILER_GLOBAL_ACCENT_COLOR_NAME = AccentColor;
				CODE_SIGN_ENTITLEMENTS = UnzipProject/UnzipProject.entitlements;
				CODE_SIGN_STYLE = Automatic;
				COMBINE_HIDPI_IMAGES = YES;
				CURRENT_PROJECT_VERSION = 1;
				DEVELOPMENT_ASSET_PATHS = "\"UnzipProject/Preview Content\"";
				DEVELOPMENT_TEAM = T9C59C8C3J;
				ENABLE_HARDENED_RUNTIME = YES;
				ENABLE_PREVIEWS = YES;
				GENERATE_INFOPLIST_FILE = YES;
				INFOPLIST_KEY_NSHumanReadableCopyright = "";
				LD_RUNPATH_SEARCH_PATHS = (
					"$(inherited)",
					"@executable_path/../Frameworks",
				);
				MARKETING_VERSION = 1.0;
				PRODUCT_BUNDLE_IDENTIFIER = com.br.UnzipProject;
				PRODUCT_NAME = "$(TARGET_NAME)";
				SWIFT_EMIT_LOC_STRINGS = YES;
				SWIFT_VERSION = 5.0;
			};
			name = Release;
		};
		91FE0DC627828A94004E4D09 /* Debug */ = {
			isa = XCBuildConfiguration;
			buildSettings = {
				ALWAYS_EMBED_SWIFT_STANDARD_LIBRARIES = YES;
				BUNDLE_LOADER = "$(TEST_HOST)";
				CODE_SIGN_STYLE = Automatic;
				CURRENT_PROJECT_VERSION = 1;
				DEVELOPMENT_TEAM = T9C59C8C3J;
				GENERATE_INFOPLIST_FILE = YES;
				MACOSX_DEPLOYMENT_TARGET = 12.1;
				MARKETING_VERSION = 1.0;
				PRODUCT_BUNDLE_IDENTIFIER = com.br.UnzipProjectTests;
				PRODUCT_NAME = "$(TARGET_NAME)";
				SWIFT_EMIT_LOC_STRINGS = NO;
				SWIFT_VERSION = 5.0;
				TEST_HOST = "$(BUILT_PRODUCTS_DIR)/UnzipProject.app/Contents/MacOS/UnzipProject";
			};
			name = Debug;
		};
		91FE0DC727828A94004E4D09 /* Release */ = {
			isa = XCBuildConfiguration;
			buildSettings = {
				ALWAYS_EMBED_SWIFT_STANDARD_LIBRARIES = YES;
				BUNDLE_LOADER = "$(TEST_HOST)";
				CODE_SIGN_STYLE = Automatic;
				CURRENT_PROJECT_VERSION = 1;
				DEVELOPMENT_TEAM = T9C59C8C3J;
				GENERATE_INFOPLIST_FILE = YES;
				MACOSX_DEPLOYMENT_TARGET = 12.1;
				MARKETING_VERSION = 1.0;
				PRODUCT_BUNDLE_IDENTIFIER = com.br.UnzipProjectTests;
				PRODUCT_NAME = "$(TARGET_NAME)";
				SWIFT_EMIT_LOC_STRINGS = NO;
				SWIFT_VERSION = 5.0;
				TEST_HOST = "$(BUILT_PRODUCTS_DIR)/UnzipProject.app/Contents/MacOS/UnzipProject";
			};
			name = Release;
		};
		91FE0DC927828A94004E4D09 /* Debug */ = {
			isa = XCBuildConfiguration;
			buildSettings = {
				ALWAYS_EMBED_SWIFT_STANDARD_LIBRARIES = YES;
				CODE_SIGN_STYLE = Automatic;
				CURRENT_PROJECT_VERSION = 1;
				DEVELOPMENT_TEAM = T9C59C8C3J;
				GENERATE_INFOPLIST_FILE = YES;
				MARKETING_VERSION = 1.0;
				PRODUCT_BUNDLE_IDENTIFIER = com.br.UnzipProjectUITests;
				PRODUCT_NAME = "$(TARGET_NAME)";
				SWIFT_EMIT_LOC_STRINGS = NO;
				SWIFT_VERSION = 5.0;
				TEST_TARGET_NAME = UnzipProject;
			};
			name = Debug;
		};
		91FE0DCA27828A94004E4D09 /* Release */ = {
			isa = XCBuildConfiguration;
			buildSettings = {
				ALWAYS_EMBED_SWIFT_STANDARD_LIBRARIES = YES;
				CODE_SIGN_STYLE = Automatic;
				CURRENT_PROJECT_VERSION = 1;
				DEVELOPMENT_TEAM = T9C59C8C3J;
				GENERATE_INFOPLIST_FILE = YES;
				MARKETING_VERSION = 1.0;
				PRODUCT_BUNDLE_IDENTIFIER = com.br.UnzipProjectUITests;
				PRODUCT_NAME = "$(TARGET_NAME)";
				SWIFT_EMIT_LOC_STRINGS = NO;
				SWIFT_VERSION = 5.0;
				TEST_TARGET_NAME = UnzipProject;
			};
			name = Release;
		};
/* End XCBuildConfiguration section */

/* Begin XCConfigurationList section */
		91FE0D9827828A93004E4D09 /* Build configuration list for PBXProject "UnzipProject" */ = {
			isa = XCConfigurationList;
			buildConfigurations = (
				91FE0DC027828A94004E4D09 /* Debug */,
				91FE0DC127828A94004E4D09 /* Release */,
			);
			defaultConfigurationIsVisible = 0;
			defaultConfigurationName = Release;
		};
		91FE0DC227828A94004E4D09 /* Build configuration list for PBXNativeTarget "UnzipProject" */ = {
			isa = XCConfigurationList;
			buildConfigurations = (
				91FE0DC327828A94004E4D09 /* Debug */,
				91FE0DC427828A94004E4D09 /* Release */,
			);
			defaultConfigurationIsVisible = 0;
			defaultConfigurationName = Release;
		};
		91FE0DC527828A94004E4D09 /* Build configuration list for PBXNativeTarget "UnzipProjectTests" */ = {
			isa = XCConfigurationList;
			buildConfigurations = (
				91FE0DC627828A94004E4D09 /* Debug */,
				91FE0DC727828A94004E4D09 /* Release */,
			);
			defaultConfigurationIsVisible = 0;
			defaultConfigurationName = Release;
		};
		91FE0DC827828A94004E4D09 /* Build configuration list for PBXNativeTarget "UnzipProjectUITests" */ = {
			isa = XCConfigurationList;
			buildConfigurations = (
				91FE0DC927828A94004E4D09 /* Debug */,
				91FE0DCA27828A94004E4D09 /* Release */,
			);
			defaultConfigurationIsVisible = 0;
			defaultConfigurationName = Release;
		};
/* End XCConfigurationList section */
	};
	rootObject = 91FE0D9527828A93004E4D09 /* Project object */;
}
